
Microsoft Visual Studio Solution File, Format Version 12.00
# Visual Studio 2013
Project("{FAE04EC0-301F-11D3-BF4B-00C04F79EFBC}") = "bmfonttextrenderer.CSharp", "bmfonttextrenderer.CSharp.csproj", "{B0287026-2D4C-E78D-7BFD-1FB4E465347B}"
EndProject
Project("{FAE04EC0-301F-11D3-BF4B-00C04F79EFBC}") = "bmfonttextrenderer.CSharp.Editor", "bmfonttextrenderer.CSharp.Editor.csproj", "{A4476429-F788-661D-A295-EB36A450D934}"
EndProject
Global
	GlobalSection(SolutionConfigurationPlatforms) = preSolution
		Debug|Any CPU = Debug|Any CPU
		Release|Any CPU = Release|Any CPU
	EndGlobalSection
	GlobalSection(ProjectConfigurationPlatforms) = postSolution
		{B0287026-2D4C-E78D-7BFD-1FB4E465347B}.Debug|Any CPU.ActiveCfg = Debug|Any CPU
		{B0287026-2D4C-E78D-7BFD-1FB4E465347B}.Debug|Any CPU.Build.0 = Debug|Any CPU
		{B0287026-2D4C-E78D-7BFD-1FB4E465347B}.Release|Any CPU.ActiveCfg = Release|Any CPU
		{B0287026-2D4C-E78D-7BFD-1FB4E465347B}.Release|Any CPU.Build.0 = Release|Any CPU
		{A4476429-F788-661D-A295-EB36A450D934}.Debug|Any CPU.ActiveCfg = Debug|Any CPU
		{A4476429-F788-661D-A295-EB36A450D934}.Debug|Any CPU.Build.0 = Debug|Any CPU
		{A4476429-F788-661D-A295-EB36A450D934}.Release|Any CPU.ActiveCfg = Release|Any CPU
		{A4476429-F788-661D-A295-EB36A450D934}.Release|Any CPU.Build.0 = Release|Any CPU
	EndGlobalSection
	GlobalSection(SolutionProperties) = preSolution
		HideSolutionNode = FALSE
	EndGlobalSection
EndGlobal
